
Microsoft Visual Studio Solution File, Format Version 12.00
# Visual Studio Version 17
VisualStudioVersion = 17.13.35931.197 d17.13
MinimumVisualStudioVersion = 10.0.40219.1
Project("{FAE04EC0-301F-11D3-BF4B-00C04F79EFBC}") = "CampusOneAPI", "CampusOneAPI\CampusOneAPI.csproj", "{EE25B731-9854-4B14-BB9A-D9B942BF83A0}"
EndProject
Global
	GlobalSection(SolutionConfigurationPlatforms) = preSolution
		Debug|Any CPU = Debug|Any CPU
		Release|Any CPU = Release|Any CPU
	EndGlobalSection
	GlobalSection(ProjectConfigurationPlatforms) = postSolution
		{EE25B731-9854-4B14-BB9A-D9B942BF83A0}.Debug|Any CPU.ActiveCfg = Debug|Any CPU
		{EE25B731-9854-4B14-BB9A-D9B942BF83A0}.Debug|Any CPU.Build.0 = Debug|Any CPU
		{EE25B731-9854-4B14-BB9A-D9B942BF83A0}.Release|Any CPU.ActiveCfg = Release|Any CPU
		{EE25B731-9854-4B14-BB9A-D9B942BF83A0}.Release|Any CPU.Build.0 = Release|Any CPU
	EndGlobalSection
	GlobalSection(SolutionProperties) = preSolution
		HideSolutionNode = FALSE
	EndGlobalSection
	GlobalSection(ExtensibilityGlobals) = postSolution
		SolutionGuid = {82675E32-86C2-4B8D-A888-19BC2882EBDF}
	EndGlobalSection
EndGlobal
